
Microsoft Visual Studio Solution File, Format Version 12.00
# Visual Studio Version 16
VisualStudioVersion = 16.0.31402.337
MinimumVisualStudioVersion = 10.0.40219.1
Project("{FAE04EC0-301F-11D3-BF4B-00C04F79EFBC}") = "Svyazist", "Svyazist\Svyazist.csproj", "{F29EE455-4FAF-4F52-A57B-67463584DBF4}"
EndProject
Global
	GlobalSection(SolutionConfigurationPlatforms) = preSolution
		Debug|Any CPU = Debug|Any CPU
		Release|Any CPU = Release|Any CPU
	EndGlobalSection
	GlobalSection(ProjectConfigurationPlatforms) = postSolution
		{F29EE455-4FAF-4F52-A57B-67463584DBF4}.Debug|Any CPU.ActiveCfg = Debug|Any CPU
		{F29EE455-4FAF-4F52-A57B-67463584DBF4}.Debug|Any CPU.Build.0 = Debug|Any CPU
		{F29EE455-4FAF-4F52-A57B-67463584DBF4}.Release|Any CPU.ActiveCfg = Release|Any CPU
		{F29EE455-4FAF-4F52-A57B-67463584DBF4}.Release|Any CPU.Build.0 = Release|Any CPU
	EndGlobalSection
	GlobalSection(SolutionProperties) = preSolution
		HideSolutionNode = FALSE
	EndGlobalSection
	GlobalSection(ExtensibilityGlobals) = postSolution
		SolutionGuid = {91C7C2AE-D250-4B87-9895-35056A5FE221}
	EndGlobalSection
EndGlobal
